
Microsoft Visual Studio Solution File, Format Version 12.00
# Visual Studio Version 17
VisualStudioVersion = 17.2.32526.322
MinimumVisualStudioVersion = 10.0.40219.1
Project("{9A19103F-16F7-4668-BE54-9A1E7A4F7556}") = "card_index_DAL", "card_index_DAL\card_index_DAL.csproj", "{4A68DF13-56A9-4106-996E-61A2F7517532}"
EndProject
Project("{9A19103F-16F7-4668-BE54-9A1E7A4F7556}") = "card_index_BLL", "card_index_BLL\card_index_BLL.csproj", "{E6276CAC-94D4-42ED-BAE4-F4949F0FB3FD}"
EndProject
Project("{9A19103F-16F7-4668-BE54-9A1E7A4F7556}") = "card_index_Web_API", "card_index_Web_API\card_index_Web_API.csproj", "{2CB417C4-D1AE-48BB-A263-CB4F516C5591}"
EndProject
Project("{E24C65DC-7377-472B-9ABA-BC803B73C61A}") = "ClientApp", "ClientApp\", "{72464DBD-61CF-4A14-A24D-CB824838543C}"
	ProjectSection(WebsiteProperties) = preProject
		TargetFrameworkMoniker = ".NETFramework,Version%3Dv4.8"
		Debug.AspNetCompiler.VirtualPath = "/localhost_61505"
		Debug.AspNetCompiler.PhysicalPath = "ClientApp\"
		Debug.AspNetCompiler.TargetPath = "PrecompiledWeb\localhost_61505\"
		Debug.AspNetCompiler.Updateable = "true"
		Debug.AspNetCompiler.ForceOverwrite = "true"
		Debug.AspNetCompiler.FixedNames = "false"
		Debug.AspNetCompiler.Debug = "True"
		Release.AspNetCompiler.VirtualPath = "/localhost_61505"
		Release.AspNetCompiler.PhysicalPath = "ClientApp\"
		Release.AspNetCompiler.TargetPath = "PrecompiledWeb\localhost_61505\"
		Release.AspNetCompiler.Updateable = "true"
		Release.AspNetCompiler.ForceOverwrite = "true"
		Release.AspNetCompiler.FixedNames = "false"
		Release.AspNetCompiler.Debug = "False"
		VWDPort = "61505"
		SlnRelativePath = "ClientApp\"
	EndProjectSection
EndProject
Project("{9A19103F-16F7-4668-BE54-9A1E7A4F7556}") = "CardIndexTests", "CardIndexTests\CardIndexTests.csproj", "{1A72AAB4-8FA1-48E0-AD8E-0E088C730E63}"
EndProject
Global
	GlobalSection(SolutionConfigurationPlatforms) = preSolution
		Debug|Any CPU = Debug|Any CPU
		Release|Any CPU = Release|Any CPU
	EndGlobalSection
	GlobalSection(ProjectConfigurationPlatforms) = postSolution
		{4A68DF13-56A9-4106-996E-61A2F7517532}.Debug|Any CPU.ActiveCfg = Debug|Any CPU
		{4A68DF13-56A9-4106-996E-61A2F7517532}.Debug|Any CPU.Build.0 = Debug|Any CPU
		{4A68DF13-56A9-4106-996E-61A2F7517532}.Release|Any CPU.ActiveCfg = Release|Any CPU
		{4A68DF13-56A9-4106-996E-61A2F7517532}.Release|Any CPU.Build.0 = Release|Any CPU
		{E6276CAC-94D4-42ED-BAE4-F4949F0FB3FD}.Debug|Any CPU.ActiveCfg = Debug|Any CPU
		{E6276CAC-94D4-42ED-BAE4-F4949F0FB3FD}.Debug|Any CPU.Build.0 = Debug|Any CPU
		{E6276CAC-94D4-42ED-BAE4-F4949F0FB3FD}.Release|Any CPU.ActiveCfg = Release|Any CPU
		{E6276CAC-94D4-42ED-BAE4-F4949F0FB3FD}.Release|Any CPU.Build.0 = Release|Any CPU
		{2CB417C4-D1AE-48BB-A263-CB4F516C5591}.Debug|Any CPU.ActiveCfg = Debug|Any CPU
		{2CB417C4-D1AE-48BB-A263-CB4F516C5591}.Debug|Any CPU.Build.0 = Debug|Any CPU
		{2CB417C4-D1AE-48BB-A263-CB4F516C5591}.Release|Any CPU.ActiveCfg = Release|Any CPU
		{2CB417C4-D1AE-48BB-A263-CB4F516C5591}.Release|Any CPU.Build.0 = Release|Any CPU
		{72464DBD-61CF-4A14-A24D-CB824838543C}.Debug|Any CPU.ActiveCfg = Debug|Any CPU
		{72464DBD-61CF-4A14-A24D-CB824838543C}.Debug|Any CPU.Build.0 = Debug|Any CPU
		{72464DBD-61CF-4A14-A24D-CB824838543C}.Release|Any CPU.ActiveCfg = Debug|Any CPU
		{72464DBD-61CF-4A14-A24D-CB824838543C}.Release|Any CPU.Build.0 = Debug|Any CPU
		{1A72AAB4-8FA1-48E0-AD8E-0E088C730E63}.Debug|Any CPU.ActiveCfg = Debug|Any CPU
		{1A72AAB4-8FA1-48E0-AD8E-0E088C730E63}.Release|Any CPU.ActiveCfg = Release|Any CPU
		{1A72AAB4-8FA1-48E0-AD8E-0E088C730E63}.Release|Any CPU.Build.0 = Release|Any CPU
	EndGlobalSection
	GlobalSection(SolutionProperties) = preSolution
		HideSolutionNode = FALSE
	EndGlobalSection
	GlobalSection(ExtensibilityGlobals) = postSolution
		SolutionGuid = {55B7D53C-42A9-410D-8131-6E302AFF2806}
	EndGlobalSection
EndGlobal
